
Microsoft Visual Studio Solution File, Format Version 12.00
# Visual Studio Version 17
VisualStudioVersion = 17.11.35222.181
MinimumVisualStudioVersion = 10.0.40219.1
Project("{FAE04EC0-301F-11D3-BF4B-00C04F79EFBC}") = "Klasy_abstrakcyjne", "Klasy_abstrakcyjne\Klasy_abstrakcyjne.csproj", "{234FE54D-35FF-4B74-89EA-E8774EBEF4BC}"
EndProject
Global
	GlobalSection(SolutionConfigurationPlatforms) = preSolution
		Debug|Any CPU = Debug|Any CPU
		Release|Any CPU = Release|Any CPU
	EndGlobalSection
	GlobalSection(ProjectConfigurationPlatforms) = postSolution
		{234FE54D-35FF-4B74-89EA-E8774EBEF4BC}.Debug|Any CPU.ActiveCfg = Debug|Any CPU
		{234FE54D-35FF-4B74-89EA-E8774EBEF4BC}.Debug|Any CPU.Build.0 = Debug|Any CPU
		{234FE54D-35FF-4B74-89EA-E8774EBEF4BC}.Release|Any CPU.ActiveCfg = Release|Any CPU
		{234FE54D-35FF-4B74-89EA-E8774EBEF4BC}.Release|Any CPU.Build.0 = Release|Any CPU
	EndGlobalSection
	GlobalSection(SolutionProperties) = preSolution
		HideSolutionNode = FALSE
	EndGlobalSection
	GlobalSection(ExtensibilityGlobals) = postSolution
		SolutionGuid = {68508B18-FA0D-4457-A3BE-2ABF1F99E428}
	EndGlobalSection
EndGlobal
